
Microsoft Visual Studio Solution File, Format Version 12.00
# Visual Studio Version 17
VisualStudioVersion = 17.14.36221.1
MinimumVisualStudioVersion = 10.0.40219.1
Project("{FAE04EC0-301F-11D3-BF4B-00C04F79EFBC}") = "ConcertBooking.Web", "ConcertBooking.Web\ConcertBooking.Web.csproj", "{0A2E8718-AD49-4E9D-A44E-4D55D7BAD82C}"
EndProject
Project("{FAE04EC0-301F-11D3-BF4B-00C04F79EFBC}") = "ConcertBooking.Entities", "ConcertBooking.Entities\ConcertBooking.Entities.csproj", "{FF5FD07C-0E82-4482-B733-4EE62D130720}"
EndProject
Project("{FAE04EC0-301F-11D3-BF4B-00C04F79EFBC}") = "ConcertBooking.Repositories", "ConcertBooking.Repositories\ConcertBooking.Repositories.csproj", "{5214DF62-8113-482E-8128-412056D6C276}"
EndProject
Project("{FAE04EC0-301F-11D3-BF4B-00C04F79EFBC}") = "ConcertBooking.UI", "ConcertBooking.UI\ConcertBooking.UI.csproj", "{C7D193AE-B2FA-48E3-8274-46D9369CCCE4}"
EndProject
Global
	GlobalSection(SolutionConfigurationPlatforms) = preSolution
		Debug|Any CPU = Debug|Any CPU
		Release|Any CPU = Release|Any CPU
	EndGlobalSection
	GlobalSection(ProjectConfigurationPlatforms) = postSolution
		{0A2E8718-AD49-4E9D-A44E-4D55D7BAD82C}.Debug|Any CPU.ActiveCfg = Debug|Any CPU
		{0A2E8718-AD49-4E9D-A44E-4D55D7BAD82C}.Debug|Any CPU.Build.0 = Debug|Any CPU
		{0A2E8718-AD49-4E9D-A44E-4D55D7BAD82C}.Release|Any CPU.ActiveCfg = Release|Any CPU
		{0A2E8718-AD49-4E9D-A44E-4D55D7BAD82C}.Release|Any CPU.Build.0 = Release|Any CPU
		{FF5FD07C-0E82-4482-B733-4EE62D130720}.Debug|Any CPU.ActiveCfg = Debug|Any CPU
		{FF5FD07C-0E82-4482-B733-4EE62D130720}.Debug|Any CPU.Build.0 = Debug|Any CPU
		{FF5FD07C-0E82-4482-B733-4EE62D130720}.Release|Any CPU.ActiveCfg = Release|Any CPU
		{FF5FD07C-0E82-4482-B733-4EE62D130720}.Release|Any CPU.Build.0 = Release|Any CPU
		{5214DF62-8113-482E-8128-412056D6C276}.Debug|Any CPU.ActiveCfg = Debug|Any CPU
		{5214DF62-8113-482E-8128-412056D6C276}.Debug|Any CPU.Build.0 = Debug|Any CPU
		{5214DF62-8113-482E-8128-412056D6C276}.Release|Any CPU.ActiveCfg = Release|Any CPU
		{5214DF62-8113-482E-8128-412056D6C276}.Release|Any CPU.Build.0 = Release|Any CPU
		{C7D193AE-B2FA-48E3-8274-46D9369CCCE4}.Debug|Any CPU.ActiveCfg = Debug|Any CPU
		{C7D193AE-B2FA-48E3-8274-46D9369CCCE4}.Debug|Any CPU.Build.0 = Debug|Any CPU
		{C7D193AE-B2FA-48E3-8274-46D9369CCCE4}.Release|Any CPU.ActiveCfg = Release|Any CPU
		{C7D193AE-B2FA-48E3-8274-46D9369CCCE4}.Release|Any CPU.Build.0 = Release|Any CPU
	EndGlobalSection
	GlobalSection(SolutionProperties) = preSolution
		HideSolutionNode = FALSE
	EndGlobalSection
	GlobalSection(ExtensibilityGlobals) = postSolution
		SolutionGuid = {72C72263-62A4-4513-9175-F77E0BD8D5D2}
	EndGlobalSection
EndGlobal
